
Microsoft Visual Studio Solution File, Format Version 12.00
# Visual Studio Version 17
VisualStudioVersion = 17.0.32014.148
MinimumVisualStudioVersion = 10.0.40219.1
Project("{9A19103F-16F7-4668-BE54-9A1E7A4F7556}") = "CwkBooking.Domain", "CwkBooking.Domain\CwkBooking.Domain.csproj", "{84A8B9AA-05F3-4D54-96E8-D93B30485C03}"
EndProject
Project("{9A19103F-16F7-4668-BE54-9A1E7A4F7556}") = "Cwk.Booking.Dal", "CwkBooking.Dal\Cwk.Booking.Dal.csproj", "{F6673B21-72B8-4117-AA9D-E4A85FB82720}"
EndProject
Project("{9A19103F-16F7-4668-BE54-9A1E7A4F7556}") = "CwkBooking.Services", "CwkBooking.Services\CwkBooking.Services.csproj", "{D3D35DF8-0700-4750-A383-D5E44938F610}"
EndProject
Project("{9A19103F-16F7-4668-BE54-9A1E7A4F7556}") = "Cwk.Booking.Api", "Cwk.Booking.Api\Cwk.Booking.Api.csproj", "{CC497CC0-AAB7-40A9-9CD0-A14A5952D6BD}"
EndProject
Global
	GlobalSection(SolutionConfigurationPlatforms) = preSolution
		Debug|Any CPU = Debug|Any CPU
		Release|Any CPU = Release|Any CPU
	EndGlobalSection
	GlobalSection(ProjectConfigurationPlatforms) = postSolution
		{84A8B9AA-05F3-4D54-96E8-D93B30485C03}.Debug|Any CPU.ActiveCfg = Debug|Any CPU
		{84A8B9AA-05F3-4D54-96E8-D93B30485C03}.Debug|Any CPU.Build.0 = Debug|Any CPU
		{84A8B9AA-05F3-4D54-96E8-D93B30485C03}.Release|Any CPU.ActiveCfg = Release|Any CPU
		{84A8B9AA-05F3-4D54-96E8-D93B30485C03}.Release|Any CPU.Build.0 = Release|Any CPU
		{F6673B21-72B8-4117-AA9D-E4A85FB82720}.Debug|Any CPU.ActiveCfg = Debug|Any CPU
		{F6673B21-72B8-4117-AA9D-E4A85FB82720}.Debug|Any CPU.Build.0 = Debug|Any CPU
		{F6673B21-72B8-4117-AA9D-E4A85FB82720}.Release|Any CPU.ActiveCfg = Release|Any CPU
		{F6673B21-72B8-4117-AA9D-E4A85FB82720}.Release|Any CPU.Build.0 = Release|Any CPU
		{D3D35DF8-0700-4750-A383-D5E44938F610}.Debug|Any CPU.ActiveCfg = Debug|Any CPU
		{D3D35DF8-0700-4750-A383-D5E44938F610}.Debug|Any CPU.Build.0 = Debug|Any CPU
		{D3D35DF8-0700-4750-A383-D5E44938F610}.Release|Any CPU.ActiveCfg = Release|Any CPU
		{D3D35DF8-0700-4750-A383-D5E44938F610}.Release|Any CPU.Build.0 = Release|Any CPU
		{CC497CC0-AAB7-40A9-9CD0-A14A5952D6BD}.Debug|Any CPU.ActiveCfg = Debug|Any CPU
		{CC497CC0-AAB7-40A9-9CD0-A14A5952D6BD}.Debug|Any CPU.Build.0 = Debug|Any CPU
		{CC497CC0-AAB7-40A9-9CD0-A14A5952D6BD}.Release|Any CPU.ActiveCfg = Release|Any CPU
		{CC497CC0-AAB7-40A9-9CD0-A14A5952D6BD}.Release|Any CPU.Build.0 = Release|Any CPU
	EndGlobalSection
	GlobalSection(SolutionProperties) = preSolution
		HideSolutionNode = FALSE
	EndGlobalSection
	GlobalSection(ExtensibilityGlobals) = postSolution
		SolutionGuid = {FF429D47-5769-4E82-9607-C1C358493D1C}
	EndGlobalSection
EndGlobal
